
Microsoft Visual Studio Solution File, Format Version 12.00
# Visual Studio 2012
Project("{FAE04EC0-301F-11D3-BF4B-00C04F79EFBC}") = "ExtensionsDeluxe", "ExtensionsDeluxe\ExtensionsDeluxe.csproj", "{FC01F374-D3C8-4DD3-AA11-75D3756AC60C}"
EndProject
Project("{FAE04EC0-301F-11D3-BF4B-00C04F79EFBC}") = "StringExtensions", "StringExtension\StringExtensions.csproj", "{AD50FD06-1505-4AE5-BC91-AAE11E6A18BD}"
EndProject
Project("{FAE04EC0-301F-11D3-BF4B-00C04F79EFBC}") = "EnumExtensions", "EnumExtensions\EnumExtensions.csproj", "{B01BB012-FC70-4280-A941-342939D195C9}"
EndProject
Project("{FAE04EC0-301F-11D3-BF4B-00C04F79EFBC}") = "BitmapExtensions", "BitmapExtensions\BitmapExtensions.csproj", "{252D7D53-EF69-48AB-BF3B-901C3EF9E21B}"
EndProject
Project("{FAE04EC0-301F-11D3-BF4B-00C04F79EFBC}") = "IntegerExtensions", "IntegerExtensions\IntegerExtensions.csproj", "{CA912BF9-43BD-4EF3-A3ED-BEA95B6D46C6}"
EndProject
Project("{FAE04EC0-301F-11D3-BF4B-00C04F79EFBC}") = "ObjectExtensions", "ObjectExtensions\ObjectExtensions.csproj", "{D6F26027-9E8B-423C-8830-150A1FC5432C}"
EndProject
Project("{FAE04EC0-301F-11D3-BF4B-00C04F79EFBC}") = "UnitTestProject", "UnitTestProject\UnitTestProject.csproj", "{D49B918F-C5E9-448E-8060-B278FB2C1FBE}"
EndProject
Global
	GlobalSection(SolutionConfigurationPlatforms) = preSolution
		Debug|Any CPU = Debug|Any CPU
		Release|Any CPU = Release|Any CPU
	EndGlobalSection
	GlobalSection(ProjectConfigurationPlatforms) = postSolution
		{FC01F374-D3C8-4DD3-AA11-75D3756AC60C}.Debug|Any CPU.ActiveCfg = Debug|Any CPU
		{FC01F374-D3C8-4DD3-AA11-75D3756AC60C}.Debug|Any CPU.Build.0 = Debug|Any CPU
		{FC01F374-D3C8-4DD3-AA11-75D3756AC60C}.Release|Any CPU.ActiveCfg = Release|Any CPU
		{FC01F374-D3C8-4DD3-AA11-75D3756AC60C}.Release|Any CPU.Build.0 = Release|Any CPU
		{AD50FD06-1505-4AE5-BC91-AAE11E6A18BD}.Debug|Any CPU.ActiveCfg = Debug|Any CPU
		{AD50FD06-1505-4AE5-BC91-AAE11E6A18BD}.Debug|Any CPU.Build.0 = Debug|Any CPU
		{AD50FD06-1505-4AE5-BC91-AAE11E6A18BD}.Release|Any CPU.ActiveCfg = Release|Any CPU
		{AD50FD06-1505-4AE5-BC91-AAE11E6A18BD}.Release|Any CPU.Build.0 = Release|Any CPU
		{B01BB012-FC70-4280-A941-342939D195C9}.Debug|Any CPU.ActiveCfg = Debug|Any CPU
		{B01BB012-FC70-4280-A941-342939D195C9}.Debug|Any CPU.Build.0 = Debug|Any CPU
		{B01BB012-FC70-4280-A941-342939D195C9}.Release|Any CPU.ActiveCfg = Release|Any CPU
		{B01BB012-FC70-4280-A941-342939D195C9}.Release|Any CPU.Build.0 = Release|Any CPU
		{252D7D53-EF69-48AB-BF3B-901C3EF9E21B}.Debug|Any CPU.ActiveCfg = Debug|Any CPU
		{252D7D53-EF69-48AB-BF3B-901C3EF9E21B}.Debug|Any CPU.Build.0 = Debug|Any CPU
		{252D7D53-EF69-48AB-BF3B-901C3EF9E21B}.Release|Any CPU.ActiveCfg = Release|Any CPU
		{252D7D53-EF69-48AB-BF3B-901C3EF9E21B}.Release|Any CPU.Build.0 = Release|Any CPU
		{CA912BF9-43BD-4EF3-A3ED-BEA95B6D46C6}.Debug|Any CPU.ActiveCfg = Debug|Any CPU
		{CA912BF9-43BD-4EF3-A3ED-BEA95B6D46C6}.Debug|Any CPU.Build.0 = Debug|Any CPU
		{CA912BF9-43BD-4EF3-A3ED-BEA95B6D46C6}.Release|Any CPU.ActiveCfg = Release|Any CPU
		{CA912BF9-43BD-4EF3-A3ED-BEA95B6D46C6}.Release|Any CPU.Build.0 = Release|Any CPU
		{D6F26027-9E8B-423C-8830-150A1FC5432C}.Debug|Any CPU.ActiveCfg = Debug|Any CPU
		{D6F26027-9E8B-423C-8830-150A1FC5432C}.Debug|Any CPU.Build.0 = Debug|Any CPU
		{D6F26027-9E8B-423C-8830-150A1FC5432C}.Release|Any CPU.ActiveCfg = Release|Any CPU
		{D6F26027-9E8B-423C-8830-150A1FC5432C}.Release|Any CPU.Build.0 = Release|Any CPU
		{D49B918F-C5E9-448E-8060-B278FB2C1FBE}.Debug|Any CPU.ActiveCfg = Debug|Any CPU
		{D49B918F-C5E9-448E-8060-B278FB2C1FBE}.Debug|Any CPU.Build.0 = Debug|Any CPU
		{D49B918F-C5E9-448E-8060-B278FB2C1FBE}.Release|Any CPU.ActiveCfg = Release|Any CPU
		{D49B918F-C5E9-448E-8060-B278FB2C1FBE}.Release|Any CPU.Build.0 = Release|Any CPU
	EndGlobalSection
	GlobalSection(SolutionProperties) = preSolution
		HideSolutionNode = FALSE
	EndGlobalSection
EndGlobal
